// !$*UTF8*$!
{
	archiveVersion = 1;
	classes = {
	};
	objectVersion = 52;
	objects = {

/* Begin PBXBuildFile section */
		AFB9372826D31F9200A99B08 /* AppDelegate.swift in Sources */ = {isa = PBXBuildFile; fileRef = AFB9372726D31F9200A99B08 /* AppDelegate.swift */; };
		AFB9372A26D31F9200A99B08 /* SceneDelegate.swift in Sources */ = {isa = PBXBuildFile; fileRef = AFB9372926D31F9200A99B08 /* SceneDelegate.swift */; };
		AFB9372C26D31F9200A99B08 /* ViewController.swift in Sources */ = {isa = PBXBuildFile; fileRef = AFB9372B26D31F9200A99B08 /* ViewController.swift */; };
		AFB9372F26D31F9200A99B08 /* Main.storyboard in Resources */ = {isa = PBXBuildFile; fileRef = AFB9372D26D31F9200A99B08 /* Main.storyboard */; };
		AFB9373126D31F9E00A99B08 /* Assets.xcassets in Resources */ = {isa = PBXBuildFile; fileRef = AFB9373026D31F9E00A99B08 /* Assets.xcassets */; };
		AFB9373426D31F9E00A99B08 /* LaunchScreen.storyboard in Resources */ = {isa = PBXBuildFile; fileRef = AFB9373226D31F9E00A99B08 /* LaunchScreen.storyboard */; };
		AFB9373F26D31F9F00A99B08 /* CalculatorTests.swift in Sources */ = {isa = PBXBuildFile; fileRef = AFB9373E26D31F9F00A99B08 /* CalculatorTests.swift */; };
		AFB9374A26D31FA000A99B08 /* CalculatorUITests.swift in Sources */ = {isa = PBXBuildFile; fileRef = AFB9374926D31FA000A99B08 /* CalculatorUITests.swift */; };
		AFEF0B5F26DC220100AE6234 /* MathParser in Frameworks */ = {isa = PBXBuildFile; productRef = AFEF0B5E26DC220100AE6234 /* MathParser */; };
/* End PBXBuildFile section */

/* Begin PBXContainerItemProxy section */
		AFB9373B26D31F9F00A99B08 /* PBXContainerItemProxy */ = {
			isa = PBXContainerItemProxy;
			containerPortal = AFB9371C26D31F9200A99B08 /* Project object */;
			proxyType = 1;
			remoteGlobalIDString = AFB9372326D31F9200A99B08;
			remoteInfo = Calculator;
		};
		AFB9374626D31FA000A99B08 /* PBXContainerItemProxy */ = {
			isa = PBXContainerItemProxy;
			containerPortal = AFB9371C26D31F9200A99B08 /* Project object */;
			proxyType = 1;
			remoteGlobalIDString = AFB9372326D31F9200A99B08;
			remoteInfo = Calculator;
		};
/* End PBXContainerItemProxy section */

/* Begin PBXFileReference section */
		AFB9372426D31F9200A99B08 /* Calculator.app */ = {isa = PBXFileReference; explicitFileType = wrapper.application; includeInIndex = 0; path = Calculator.app; sourceTree = BUILT_PRODUCTS_DIR; };
		AFB9372726D31F9200A99B08 /* AppDelegate.swift */ = {isa = PBXFileReference; lastKnownFileType = sourcecode.swift; path = AppDelegate.swift; sourceTree = "<group>"; };
		AFB9372926D31F9200A99B08 /* SceneDelegate.swift */ = {isa = PBXFileReference; lastKnownFileType = sourcecode.swift; path = SceneDelegate.swift; sourceTree = "<group>"; };
		AFB9372B26D31F9200A99B08 /* ViewController.swift */ = {isa = PBXFileReference; lastKnownFileType = sourcecode.swift; path = ViewController.swift; sourceTree = "<group>"; };
		AFB9372E26D31F9200A99B08 /* Base */ = {isa = PBXFileReference; lastKnownFileType = file.storyboard; name = Base; path = Base.lproj/Main.storyboard; sourceTree = "<group>"; };
		AFB9373026D31F9E00A99B08 /* Assets.xcassets */ = {isa = PBXFileReference; lastKnownFileType = folder.assetcatalog; path = Assets.xcassets; sourceTree = "<group>"; };
		AFB9373326D31F9E00A99B08 /* Base */ = {isa = PBXFileReference; lastKnownFileType = file.storyboard; name = Base; path = Base.lproj/LaunchScreen.storyboard; sourceTree = "<group>"; };
		AFB9373526D31F9E00A99B08 /* Info.plist */ = {isa = PBXFileReference; lastKnownFileType = text.plist.xml; path = Info.plist; sourceTree = "<group>"; };
		AFB9373A26D31F9F00A99B08 /* CalculatorTests.xctest */ = {isa = PBXFileReference; explicitFileType = wrapper.cfbundle; includeInIndex = 0; path = CalculatorTests.xctest; sourceTree = BUILT_PRODUCTS_DIR; };
		AFB9373E26D31F9F00A99B08 /* CalculatorTests.swift */ = {isa = PBXFileReference; lastKnownFileType = sourcecode.swift; path = CalculatorTests.swift; sourceTree = "<group>"; };
		AFB9374026D31F9F00A99B08 /* Info.plist */ = {isa = PBXFileReference; lastKnownFileType = text.plist.xml; path = Info.plist; sourceTree = "<group>"; };
		AFB9374526D31FA000A99B08 /* CalculatorUITests.xctest */ = {isa = PBXFileReference; explicitFileType = wrapper.cfbundle; includeInIndex = 0; path = CalculatorUITests.xctest; sourceTree = BUILT_PRODUCTS_DIR; };
		AFB9374926D31FA000A99B08 /* CalculatorUITests.swift */ = {isa = PBXFileReference; lastKnownFileType = sourcecode.swift; path = CalculatorUITests.swift; sourceTree = "<group>"; };
		AFB9374B26D31FA000A99B08 /* Info.plist */ = {isa = PBXFileReference; lastKnownFileType = text.plist.xml; path = Info.plist; sourceTree = "<group>"; };
/* End PBXFileReference section */

/* Begin PBXFrameworksBuildPhase section */
		AFB9372126D31F9200A99B08 /* Frameworks */ = {
			isa = PBXFrameworksBuildPhase;
			buildActionMask = 2147483647;
			files = (
				AFEF0B5F26DC220100AE6234 /* MathParser in Frameworks */,
			);
			runOnlyForDeploymentPostprocessing = 0;
		};
		AFB9373726D31F9F00A99B08 /* Frameworks */ = {
			isa = PBXFrameworksBuildPhase;
			buildActionMask = 2147483647;
			files = (
			);
			runOnlyForDeploymentPostprocessing = 0;
		};
		AFB9374226D31FA000A99B08 /* Frameworks */ = {
			isa = PBXFrameworksBuildPhase;
			buildActionMask = 2147483647;
			files = (
			);
			runOnlyForDeploymentPostprocessing = 0;
		};
/* End PBXFrameworksBuildPhase section */

/* Begin PBXGroup section */
		AFB9371B26D31F9200A99B08 = {
			isa = PBXGroup;
			children = (
				AFB9372626D31F9200A99B08 /* Calculator */,
				AFB9373D26D31F9F00A99B08 /* CalculatorTests */,
				AFB9374826D31FA000A99B08 /* CalculatorUITests */,
				AFB9372526D31F9200A99B08 /* Products */,
			);
			sourceTree = "<group>";
		};
		AFB9372526D31F9200A99B08 /* Products */ = {
			isa = PBXGroup;
			children = (
				AFB9372426D31F9200A99B08 /* Calculator.app */,
				AFB9373A26D31F9F00A99B08 /* CalculatorTests.xctest */,
				AFB9374526D31FA000A99B08 /* CalculatorUITests.xctest */,
			);
			name = Products;
			sourceTree = "<group>";
		};
		AFB9372626D31F9200A99B08 /* Calculator */ = {
			isa = PBXGroup;
			children = (
				AFB9372726D31F9200A99B08 /* AppDelegate.swift */,
				AFB9372926D31F9200A99B08 /* SceneDelegate.swift */,
				AFB9372B26D31F9200A99B08 /* ViewController.swift */,
				AFB9372D26D31F9200A99B08 /* Main.storyboard */,
				AFB9373026D31F9E00A99B08 /* Assets.xcassets */,
				AFB9373226D31F9E00A99B08 /* LaunchScreen.storyboard */,
				AFB9373526D31F9E00A99B08 /* Info.plist */,
			);
			path = Calculator;
			sourceTree = "<group>";
		};
		AFB9373D26D31F9F00A99B08 /* CalculatorTests */ = {
			isa = PBXGroup;
			children = (
				AFB9373E26D31F9F00A99B08 /* CalculatorTests.swift */,
				AFB9374026D31F9F00A99B08 /* Info.plist */,
			);
			path = CalculatorTests;
			sourceTree = "<group>";
		};
		AFB9374826D31FA000A99B08 /* CalculatorUITests */ = {
			isa = PBXGroup;
			children = (
				AFB9374926D31FA000A99B08 /* CalculatorUITests.swift */,
				AFB9374B26D31FA000A99B08 /* Info.plist */,
			);
			path = CalculatorUITests;
			sourceTree = "<group>";
		};
/* End PBXGroup section */

/* Begin PBXNativeTarget section */
		AFB9372326D31F9200A99B08 /* Calculator */ = {
			isa = PBXNativeTarget;
			buildConfigurationList = AFB9374E26D31FA000A99B08 /* Build configuration list for PBXNativeTarget "Calculator" */;
			buildPhases = (
				AFB9372026D31F9200A99B08 /* Sources */,
				AFB9372126D31F9200A99B08 /* Frameworks */,
				AFB9372226D31F9200A99B08 /* Resources */,
			);
			buildRules = (
			);
			dependencies = (
			);
			name = Calculator;
			packageProductDependencies = (
				AFEF0B5E26DC220100AE6234 /* MathParser */,
			);
			productName = Calculator;
			productReference = AFB9372426D31F9200A99B08 /* Calculator.app */;
			productType = "com.apple.product-type.application";
		};
		AFB9373926D31F9F00A99B08 /* CalculatorTests */ = {
			isa = PBXNativeTarget;
			buildConfigurationList = AFB9375126D31FA000A99B08 /* Build configuration list for PBXNativeTarget "CalculatorTests" */;
			buildPhases = (
				AFB9373626D31F9F00A99B08 /* Sources */,
				AFB9373726D31F9F00A99B08 /* Frameworks */,
				AFB9373826D31F9F00A99B08 /* Resources */,
			);
			buildRules = (
			);
			dependencies = (
				AFB9373C26D31F9F00A99B08 /* PBXTargetDependency */,
			);
			name = CalculatorTests;
			productName = CalculatorTests;
			productReference = AFB9373A26D31F9F00A99B08 /* CalculatorTests.xctest */;
			productType = "com.apple.product-type.bundle.unit-test";
		};
		AFB9374426D31FA000A99B08 /* CalculatorUITests */ = {
			isa = PBXNativeTarget;
			buildConfigurationList = AFB9375426D31FA000A99B08 /* Build configuration list for PBXNativeTarget "CalculatorUITests" */;
			buildPhases = (
				AFB9374126D31FA000A99B08 /* Sources */,
				AFB9374226D31FA000A99B08 /* Frameworks */,
				AFB9374326D31FA000A99B08 /* Resources */,
			);
			buildRules = (
			);
			dependencies = (
				AFB9374726D31FA000A99B08 /* PBXTargetDependency */,
			);
			name = CalculatorUITests;
			productName = CalculatorUITests;
			productReference = AFB9374526D31FA000A99B08 /* CalculatorUITests.xctest */;
			productType = "com.apple.product-type.bundle.ui-testing";
		};
/* End PBXNativeTarget section */

/* Begin PBXProject section */
		AFB9371C26D31F9200A99B08 /* Project object */ = {
			isa = PBXProject;
			attributes = {
				LastSwiftUpdateCheck = 1250;
				LastUpgradeCheck = 1250;
				TargetAttributes = {
					AFB9372326D31F9200A99B08 = {
						CreatedOnToolsVersion = 12.5.1;
					};
					AFB9373926D31F9F00A99B08 = {
						CreatedOnToolsVersion = 12.5.1;
						TestTargetID = AFB9372326D31F9200A99B08;
					};
					AFB9374426D31FA000A99B08 = {
						CreatedOnToolsVersion = 12.5.1;
						TestTargetID = AFB9372326D31F9200A99B08;
					};
				};
			};
			buildConfigurationList = AFB9371F26D31F9200A99B08 /* Build configuration list for PBXProject "Calculator" */;
			compatibilityVersion = "Xcode 9.3";
			developmentRegion = en;
			hasScannedForEncodings = 0;
			knownRegions = (
				en,
				Base,
			);
			mainGroup = AFB9371B26D31F9200A99B08;
			packageReferences = (
				AFEF0B5D26DC220100AE6234 /* XCRemoteSwiftPackageReference "DDMathParser" */,
			);
			productRefGroup = AFB9372526D31F9200A99B08 /* Products */;
			projectDirPath = "";
			projectRoot = "";
			targets = (
				AFB9372326D31F9200A99B08 /* Calculator */,
				AFB9373926D31F9F00A99B08 /* CalculatorTests */,
				AFB9374426D31FA000A99B08 /* CalculatorUITests */,
			);
		};
/* End PBXProject section */

/* Begin PBXResourcesBuildPhase section */
		AFB9372226D31F9200A99B08 /* Resources */ = {
			isa = PBXResourcesBuildPhase;
			buildActionMask = 2147483647;
			files = (
				AFB9373426D31F9E00A99B08 /* LaunchScreen.storyboard in Resources */,
				AFB9373126D31F9E00A99B08 /* Assets.xcassets in Resources */,
				AFB9372F26D31F9200A99B08 /* Main.storyboard in Resources */,
			);
			runOnlyForDeploymentPostprocessing = 0;
		};
		AFB9373826D31F9F00A99B08 /* Resources */ = {
			isa = PBXResourcesBuildPhase;
			buildActionMask = 2147483647;
			files = (
			);
			runOnlyForDeploymentPostprocessing = 0;
		};
		AFB9374326D31FA000A99B08 /* Resources */ = {
			isa = PBXResourcesBuildPhase;
			buildActionMask = 2147483647;
			files = (
			);
			runOnlyForDeploymentPostprocessing = 0;
		};
/* End PBXResourcesBuildPhase section */

/* Begin PBXSourcesBuildPhase section */
		AFB9372026D31F9200A99B08 /* Sources */ = {
			isa = PBXSourcesBuildPhase;
			buildActionMask = 2147483647;
			files = (
				AFB9372C26D31F9200A99B08 /* ViewController.swift in Sources */,
				AFB9372826D31F9200A99B08 /* AppDelegate.swift in Sources */,
				AFB9372A26D31F9200A99B08 /* SceneDelegate.swift in Sources */,
			);
			runOnlyForDeploymentPostprocessing = 0;
		};
		AFB9373626D31F9F00A99B08 /* Sources */ = {
			isa = PBXSourcesBuildPhase;
			buildActionMask = 2147483647;
			files = (
				AFB9373F26D31F9F00A99B08 /* CalculatorTests.swift in Sources */,
			);
			runOnlyForDeploymentPostprocessing = 0;
		};
		AFB9374126D31FA000A99B08 /* Sources */ = {
			isa = PBXSourcesBuildPhase;
			buildActionMask = 2147483647;
			files = (
				AFB9374A26D31FA000A99B08 /* CalculatorUITests.swift in Sources */,
			);
			runOnlyForDeploymentPostprocessing = 0;
		};
/* End PBXSourcesBuildPhase section */

/* Begin PBXTargetDependency section */
		AFB9373C26D31F9F00A99B08 /* PBXTargetDependency */ = {
			isa = PBXTargetDependency;
			target = AFB9372326D31F9200A99B08 /* Calculator */;
			targetProxy = AFB9373B26D31F9F00A99B08 /* PBXContainerItemProxy */;
		};
		AFB9374726D31FA000A99B08 /* PBXTargetDependency */ = {
			isa = PBXTargetDependency;
			target = AFB9372326D31F9200A99B08 /* Calculator */;
			targetProxy = AFB9374626D31FA000A99B08 /* PBXContainerItemProxy */;
		};
/* End PBXTargetDependency section */

/* Begin PBXVariantGroup section */
		AFB9372D26D31F9200A99B08 /* Main.storyboard */ = {
			isa = PBXVariantGroup;
			children = (
				AFB9372E26D31F9200A99B08 /* Base */,
			);
			name = Main.storyboard;
			sourceTree = "<group>";
		};
		AFB9373226D31F9E00A99B08 /* LaunchScreen.storyboard */ = {
			isa = PBXVariantGroup;
			children = (
				AFB9373326D31F9E00A99B08 /* Base */,
			);
			name = LaunchScreen.storyboard;
			sourceTree = "<group>";
		};
/* End PBXVariantGroup section */

/* Begin XCBuildConfiguration section */
		AFB9374C26D31FA000A99B08 /* Debug */ = {
			isa = XCBuildConfiguration;
			buildSettings = {
				ALWAYS_SEARCH_USER_PATHS = NO;
				CLANG_ANALYZER_NONNULL = YES;
				CLANG_ANALYZER_NUMBER_OBJECT_CONVERSION = YES_AGGRESSIVE;
				CLANG_CXX_LANGUAGE_STANDARD = "gnu++14";
				CLANG_CXX_LIBRARY = "libc++";
				CLANG_ENABLE_MODULES = YES;
				CLANG_ENABLE_OBJC_ARC = YES;
				CLANG_ENABLE_OBJC_WEAK = YES;
				CLANG_WARN_BLOCK_CAPTURE_AUTORELEASING = YES;
				CLANG_WARN_BOOL_CONVERSION = YES;
				CLANG_WARN_COMMA = YES;
				CLANG_WARN_CONSTANT_CONVERSION = YES;
				CLANG_WARN_DEPRECATED_OBJC_IMPLEMENTATIONS = YES;
				CLANG_WARN_DIRECT_OBJC_ISA_USAGE = YES_ERROR;
				CLANG_WARN_DOCUMENTATION_COMMENTS = YES;
				CLANG_WARN_EMPTY_BODY = YES;
				CLANG_WARN_ENUM_CONVERSION = YES;
				CLANG_WARN_INFINITE_RECURSION = YES;
				CLANG_WARN_INT_CONVERSION = YES;
				CLANG_WARN_NON_LITERAL_NULL_CONVERSION = YES;
				CLANG_WARN_OBJC_IMPLICIT_RETAIN_SELF = YES;
				CLANG_WARN_OBJC_LITERAL_CONVERSION = YES;
				CLANG_WARN_OBJC_ROOT_CLASS = YES_ERROR;
				CLANG_WARN_QUOTED_INCLUDE_IN_FRAMEWORK_HEADER = YES;
				CLANG_WARN_RANGE_LOOP_ANALYSIS = YES;
				CLANG_WARN_STRICT_PROTOTYPES = YES;
				CLANG_WARN_SUSPICIOUS_MOVE = YES;
				CLANG_WARN_UNGUARDED_AVAILABILITY = YES_AGGRESSIVE;
				CLANG_WARN_UNREACHABLE_CODE = YES;
				CLANG_WARN__DUPLICATE_METHOD_MATCH = YES;
				COPY_PHASE_STRIP = NO;
				DEBUG_INFORMATION_FORMAT = dwarf;
				ENABLE_STRICT_OBJC_MSGSEND = YES;
				ENABLE_TESTABILITY = YES;
				GCC_C_LANGUAGE_STANDARD = gnu11;
				GCC_DYNAMIC_NO_PIC = NO;
				GCC_NO_COMMON_BLOCKS = YES;
				GCC_OPTIMIZATION_LEVEL = 0;
				GCC_PREPROCESSOR_DEFINITIONS = (
					"DEBUG=1",
					"$(inherited)",
				);
				GCC_WARN_64_TO_32_BIT_CONVERSION = YES;
				GCC_WARN_ABOUT_RETURN_TYPE = YES_ERROR;
				GCC_WARN_UNDECLARED_SELECTOR = YES;
				GCC_WARN_UNINITIALIZED_AUTOS = YES_AGGRESSIVE;
				GCC_WARN_UNUSED_FUNCTION = YES;
				GCC_WARN_UNUSED_VARIABLE = YES;
				IPHONEOS_DEPLOYMENT_TARGET = 14.5;
				MTL_ENABLE_DEBUG_INFO = INCLUDE_SOURCE;
				MTL_FAST_MATH = YES;
				ONLY_ACTIVE_ARCH = YES;
				SDKROOT = iphoneos;
				SWIFT_ACTIVE_COMPILATION_CONDITIONS = DEBUG;
				SWIFT_OPTIMIZATION_LEVEL = "-Onone";
			};
			name = Debug;
		};
		AFB9374D26D31FA000A99B08 /* Release */ = {
			isa = XCBuildConfiguration;
			buildSettings = {
				ALWAYS_SEARCH_USER_PATHS = NO;
				CLANG_ANALYZER_NONNULL = YES;
				CLANG_ANALYZER_NUMBER_OBJECT_CONVERSION = YES_AGGRESSIVE;
				CLANG_CXX_LANGUAGE_STANDARD = "gnu++14";
				CLANG_CXX_LIBRARY = "libc++";
				CLANG_ENABLE_MODULES = YES;
				CLANG_ENABLE_OBJC_ARC = YES;
				CLANG_ENABLE_OBJC_WEAK = YES;
				CLANG_WARN_BLOCK_CAPTURE_AUTORELEASING = YES;
				CLANG_WARN_BOOL_CONVERSION = YES;
				CLANG_WARN_COMMA = YES;
				CLANG_WARN_CONSTANT_CONVERSION = YES;
				CLANG_WARN_DEPRECATED_OBJC_IMPLEMENTATIONS = YES;
				CLANG_WARN_DIRECT_OBJC_ISA_USAGE = YES_ERROR;
				CLANG_WARN_DOCUMENTATION_COMMENTS = YES;
				CLANG_WARN_EMPTY_BODY = YES;
				CLANG_WARN_ENUM_CONVERSION = YES;
				CLANG_WARN_INFINITE_RECURSION = YES;
				CLANG_WARN_INT_CONVERSION = YES;
				CLANG_WARN_NON_LITERAL_NULL_CONVERSION = YES;
				CLANG_WARN_OBJC_IMPLICIT_RETAIN_SELF = YES;
				CLANG_WARN_OBJC_LITERAL_CONVERSION = YES;
				CLANG_WARN_OBJC_ROOT_CLASS = YES_ERROR;
				CLANG_WARN_QUOTED_INCLUDE_IN_FRAMEWORK_HEADER = YES;
				CLANG_WARN_RANGE_LOOP_ANALYSIS = YES;
				CLANG_WARN_STRICT_PROTOTYPES = YES;
				CLANG_WARN_SUSPICIOUS_MOVE = YES;
				CLANG_WARN_UNGUARDED_AVAILABILITY = YES_AGGRESSIVE;
				CLANG_WARN_UNREACHABLE_CODE = YES;
				CLANG_WARN__DUPLICATE_METHOD_MATCH = YES;
				COPY_PHASE_STRIP = NO;
				DEBUG_INFORMATION_FORMAT = "dwarf-with-dsym";
				ENABLE_NS_ASSERTIONS = NO;
				ENABLE_STRICT_OBJC_MSGSEND = YES;
				GCC_C_LANGUAGE_STANDARD = gnu11;
				GCC_NO_COMMON_BLOCKS = YES;
				GCC_WARN_64_TO_32_BIT_CONVERSION = YES;
				GCC_WARN_ABOUT_RETURN_TYPE = YES_ERROR;
				GCC_WARN_UNDECLARED_SELECTOR = YES;
				GCC_WARN_UNINITIALIZED_AUTOS = YES_AGGRESSIVE;
				GCC_WARN_UNUSED_FUNCTION = YES;
				GCC_WARN_UNUSED_VARIABLE = YES;
				IPHONEOS_DEPLOYMENT_TARGET = 14.5;
				MTL_ENABLE_DEBUG_INFO = NO;
				MTL_FAST_MATH = YES;
				SDKROOT = iphoneos;
				SWIFT_COMPILATION_MODE = wholemodule;
				SWIFT_OPTIMIZATION_LEVEL = "-O";
				VALIDATE_PRODUCT = YES;
			};
			name = Release;
		};
		AFB9374F26D31FA000A99B08 /* Debug */ = {
			isa = XCBuildConfiguration;
			buildSettings = {
				ASSETCATALOG_COMPILER_APPICON_NAME = AppIcon;
				ASSETCATALOG_COMPILER_GLOBAL_ACCENT_COLOR_NAME = AccentColor;
				CODE_SIGN_STYLE = Automatic;
				INFOPLIST_FILE = Calculator/Info.plist;
				LD_RUNPATH_SEARCH_PATHS = (
					"$(inherited)",
					"@executable_path/Frameworks",
				);
				PRODUCT_BUNDLE_IDENTIFIER = com.pavelarias.Calculator;
				PRODUCT_NAME = "$(TARGET_NAME)";
				SWIFT_VERSION = 5.0;
				TARGETED_DEVICE_FAMILY = "1,2";
			};
			name = Debug;
		};
		AFB9375026D31FA000A99B08 /* Release */ = {
			isa = XCBuildConfiguration;
			buildSettings = {
				ASSETCATALOG_COMPILER_APPICON_NAME = AppIcon;
				ASSETCATALOG_COMPILER_GLOBAL_ACCENT_COLOR_NAME = AccentColor;
				CODE_SIGN_STYLE = Automatic;
				INFOPLIST_FILE = Calculator/Info.plist;
				LD_RUNPATH_SEARCH_PATHS = (
					"$(inherited)",
					"@executable_path/Frameworks",
				);
				PRODUCT_BUNDLE_IDENTIFIER = com.pavelarias.Calculator;
				PRODUCT_NAME = "$(TARGET_NAME)";
				SWIFT_VERSION = 5.0;
				TARGETED_DEVICE_FAMILY = "1,2";
			};
			name = Release;
		};
		AFB9375226D31FA000A99B08 /* Debug */ = {
			isa = XCBuildConfiguration;
			buildSettings = {
				ALWAYS_EMBED_SWIFT_STANDARD_LIBRARIES = YES;
				BUNDLE_LOADER = "$(TEST_HOST)";
				CODE_SIGN_STYLE = Automatic;
				INFOPLIST_FILE = CalculatorTests/Info.plist;
				IPHONEOS_DEPLOYMENT_TARGET = 14.5;
				LD_RUNPATH_SEARCH_PATHS = (
					"$(inherited)",
					"@executable_path/Frameworks",
					"@loader_path/Frameworks",
				);
				PRODUCT_BUNDLE_IDENTIFIER = com.pavelarias.CalculatorTests;
				PRODUCT_NAME = "$(TARGET_NAME)";
				SWIFT_VERSION = 5.0;
				TARGETED_DEVICE_FAMILY = "1,2";
				TEST_HOST = "$(BUILT_PRODUCTS_DIR)/Calculator.app/Calculator";
			};
			name = Debug;
		};
		AFB9375326D31FA000A99B08 /* Release */ = {
			isa = XCBuildConfiguration;
			buildSettings = {
				ALWAYS_EMBED_SWIFT_STANDARD_LIBRARIES = YES;
				BUNDLE_LOADER = "$(TEST_HOST)";
				CODE_SIGN_STYLE = Automatic;
				INFOPLIST_FILE = CalculatorTests/Info.plist;
				IPHONEOS_DEPLOYMENT_TARGET = 14.5;
				LD_RUNPATH_SEARCH_PATHS = (
					"$(inherited)",
					"@executable_path/Frameworks",
					"@loader_path/Frameworks",
				);
				PRODUCT_BUNDLE_IDENTIFIER = com.pavelarias.CalculatorTests;
				PRODUCT_NAME = "$(TARGET_NAME)";
				SWIFT_VERSION = 5.0;
				TARGETED_DEVICE_FAMILY = "1,2";
				TEST_HOST = "$(BUILT_PRODUCTS_DIR)/Calculator.app/Calculator";
			};
			name = Release;
		};
		AFB9375526D31FA000A99B08 /* Debug */ = {
			isa = XCBuildConfiguration;
			buildSettings = {
				ALWAYS_EMBED_SWIFT_STANDARD_LIBRARIES = YES;
				CODE_SIGN_STYLE = Automatic;
				INFOPLIST_FILE = CalculatorUITests/Info.plist;
				LD_RUNPATH_SEARCH_PATHS = (
					"$(inherited)",
					"@executable_path/Frameworks",
					"@loader_path/Frameworks",
				);
				PRODUCT_BUNDLE_IDENTIFIER = com.pavelarias.CalculatorUITests;
				PRODUCT_NAME = "$(TARGET_NAME)";
				SWIFT_VERSION = 5.0;
				TARGETED_DEVICE_FAMILY = "1,2";
				TEST_TARGET_NAME = Calculator;
			};
			name = Debug;
		};
		AFB9375626D31FA000A99B08 /* Release */ = {
			isa = XCBuildConfiguration;
			buildSettings = {
				ALWAYS_EMBED_SWIFT_STANDARD_LIBRARIES = YES;
				CODE_SIGN_STYLE = Automatic;
				INFOPLIST_FILE = CalculatorUITests/Info.plist;
				LD_RUNPATH_SEARCH_PATHS = (
					"$(inherited)",
					"@executable_path/Frameworks",
					"@loader_path/Frameworks",
				);
				PRODUCT_BUNDLE_IDENTIFIER = com.pavelarias.CalculatorUITests;
				PRODUCT_NAME = "$(TARGET_NAME)";
				SWIFT_VERSION = 5.0;
				TARGETED_DEVICE_FAMILY = "1,2";
				TEST_TARGET_NAME = Calculator;
			};
			name = Release;
		};
/* End XCBuildConfiguration section */

/* Begin XCConfigurationList section */
		AFB9371F26D31F9200A99B08 /* Build configuration list for PBXProject "Calculator" */ = {
			isa = XCConfigurationList;
			buildConfigurations = (
				AFB9374C26D31FA000A99B08 /* Debug */,
				AFB9374D26D31FA000A99B08 /* Release */,
			);
			defaultConfigurationIsVisible = 0;
			defaultConfigurationName = Release;
		};
		AFB9374E26D31FA000A99B08 /* Build configuration list for PBXNativeTarget "Calculator" */ = {
			isa = XCConfigurationList;
			buildConfigurations = (
				AFB9374F26D31FA000A99B08 /* Debug */,
				AFB9375026D31FA000A99B08 /* Release */,
			);
			defaultConfigurationIsVisible = 0;
			defaultConfigurationName = Release;
		};
		AFB9375126D31FA000A99B08 /* Build configuration list for PBXNativeTarget "CalculatorTests" */ = {
			isa = XCConfigurationList;
			buildConfigurations = (
				AFB9375226D31FA000A99B08 /* Debug */,
				AFB9375326D31FA000A99B08 /* Release */,
			);
			defaultConfigurationIsVisible = 0;
			defaultConfigurationName = Release;
		};
		AFB9375426D31FA000A99B08 /* Build configuration list for PBXNativeTarget "CalculatorUITests" */ = {
			isa = XCConfigurationList;
			buildConfigurations = (
				AFB9375526D31FA000A99B08 /* Debug */,
				AFB9375626D31FA000A99B08 /* Release */,
			);
			defaultConfigurationIsVisible = 0;
			defaultConfigurationName = Release;
		};
/* End XCConfigurationList section */

/* Begin XCRemoteSwiftPackageReference section */
		AFEF0B5D26DC220100AE6234 /* XCRemoteSwiftPackageReference "DDMathParser" */ = {
			isa = XCRemoteSwiftPackageReference;
			repositoryURL = "https://github.com/davedelong/DDMathParser.git";
			requirement = {
				kind = upToNextMajorVersion;
				minimumVersion = 3.1.0;
			};
		};
/* End XCRemoteSwiftPackageReference section */

/* Begin XCSwiftPackageProductDependency section */
		AFEF0B5E26DC220100AE6234 /* MathParser */ = {
			isa = XCSwiftPackageProductDependency;
			package = AFEF0B5D26DC220100AE6234 /* XCRemoteSwiftPackageReference "DDMathParser" */;
			productName = MathParser;
		};
/* End XCSwiftPackageProductDependency section */
	};
	rootObject = AFB9371C26D31F9200A99B08 /* Project object */;
}
